{
  "requires": true,
  "lockfileVersion": 1,
  "dependencies": {
    "string-sanitizer": {
      "version": "1.1.1",
      "resolved": "https://registry.npmjs.org/string-sanitizer/-/string-sanitizer-1.1.1.tgz",
      "integrity": "sha512-ZaqlidMholFiBaKDPPVf9cJjNo6iRhP6g/ei5qTgvzKEMa8TK/nu4hM90YZ2LvfjvAomF2LIexmOlX1MvYN+ug=="
    }
  }
}
